
Microsoft Visual Studio Solution File, Format Version 12.00
# Visual Studio 15
Project("{FAE04EC0-301F-11D3-BF4B-00C04F79EFBC}") = "IronMountain_Excercise", "IronMountain_Excercise\IronMountain_Excercise.csproj", "{6DC94D5F-1F2F-4A2F-884E-F0B4FB7F36DF}"
EndProject
Global
	GlobalSection(SolutionConfigurationPlatforms) = preSolution
		Debug|Any CPU = Debug|Any CPU
		Release|Any CPU = Release|Any CPU
	EndGlobalSection
	GlobalSection(ProjectConfigurationPlatforms) = postSolution
		{6DC94D5F-1F2F-4A2F-884E-F0B4FB7F36DF}.Debug|Any CPU.ActiveCfg = Debug|Any CPU
		{6DC94D5F-1F2F-4A2F-884E-F0B4FB7F36DF}.Debug|Any CPU.Build.0 = Debug|Any CPU
		{6DC94D5F-1F2F-4A2F-884E-F0B4FB7F36DF}.Release|Any CPU.ActiveCfg = Release|Any CPU
		{6DC94D5F-1F2F-4A2F-884E-F0B4FB7F36DF}.Release|Any CPU.Build.0 = Release|Any CPU
	EndGlobalSection
EndGlobal
